// !$*UTF8*$!
{
	archiveVersion = 1;
	classes = {
	};
	objectVersion = 46;
	objects = {

/* Begin PBXBuildFile section */
		27EABA611E59DB3200CD6752 /* AppDelegate.swift in Sources */ = {isa = PBXBuildFile; fileRef = 27EABA601E59DB3200CD6752 /* AppDelegate.swift */; };
		27EABA631E59DB3200CD6752 /* ViewController.swift in Sources */ = {isa = PBXBuildFile; fileRef = 27EABA621E59DB3200CD6752 /* ViewController.swift */; };
		27EABA661E59DB3200CD6752 /* Main.storyboard in Resources */ = {isa = PBXBuildFile; fileRef = 27EABA641E59DB3200CD6752 /* Main.storyboard */; };
		27EABA681E59DB3200CD6752 /* Assets.xcassets in Resources */ = {isa = PBXBuildFile; fileRef = 27EABA671E59DB3200CD6752 /* Assets.xcassets */; };
		27EABA6B1E59DB3200CD6752 /* LaunchScreen.storyboard in Resources */ = {isa = PBXBuildFile; fileRef = 27EABA691E59DB3200CD6752 /* LaunchScreen.storyboard */; };
/* End PBXBuildFile section */

/* Begin PBXFileReference section */
		27EABA5D1E59DB3200CD6752 /* MircalePill.app */ = {isa = PBXFileReference; explicitFileType = wrapper.application; includeInIndex = 0; path = MircalePill.app; sourceTree = BUILT_PRODUCTS_DIR; };
		27EABA601E59DB3200CD6752 /* AppDelegate.swift */ = {isa = PBXFileReference; lastKnownFileType = sourcecode.swift; path = AppDelegate.swift; sourceTree = "<group>"; };
		27EABA621E59DB3200CD6752 /* ViewController.swift */ = {isa = PBXFileReference; lastKnownFileType = sourcecode.swift; path = ViewController.swift; sourceTree = "<group>"; };
		27EABA651E59DB3200CD6752 /* Base */ = {isa = PBXFileReference; lastKnownFileType = file.storyboard; name = Base; path = Base.lproj/Main.storyboard; sourceTree = "<group>"; };
		27EABA671E59DB3200CD6752 /* Assets.xcassets */ = {isa = PBXFileReference; lastKnownFileType = folder.assetcatalog; path = Assets.xcassets; sourceTree = "<group>"; };
		27EABA6A1E59DB3200CD6752 /* Base */ = {isa = PBXFileReference; lastKnownFileType = file.storyboard; name = Base; path = Base.lproj/LaunchScreen.storyboard; sourceTree = "<group>"; };
		27EABA6C1E59DB3200CD6752 /* Info.plist */ = {isa = PBXFileReference; lastKnownFileType = text.plist.xml; path = Info.plist; sourceTree = "<group>"; };
/* End PBXFileReference section */

/* Begin PBXFrameworksBuildPhase section */
		27EABA5A1E59DB3200CD6752 /* Frameworks */ = {
			isa = PBXFrameworksBuildPhase;
			buildActionMask = 2147483647;
			files = (
			);
			runOnlyForDeploymentPostprocessing = 0;
		};
/* End PBXFrameworksBuildPhase section */

/* Begin PBXGroup section */
		27EABA541E59DB3200CD6752 = {
			isa = PBXGroup;
			children = (
				27EABA5F1E59DB3200CD6752 /* MircalePill */,
				27EABA5E1E59DB3200CD6752 /* Products */,
			);
			sourceTree = "<group>";
		};
		27EABA5E1E59DB3200CD6752 /* Products */ = {
			isa = PBXGroup;
			children = (
				27EABA5D1E59DB3200CD6752 /* MircalePill.app */,
			);
			name = Products;
			sourceTree = "<group>";
		};
		27EABA5F1E59DB3200CD6752 /* MircalePill */ = {
			isa = PBXGroup;
			children = (
				27EABA601E59DB3200CD6752 /* AppDelegate.swift */,
				27EABA621E59DB3200CD6752 /* ViewController.swift */,
				27EABA641E59DB3200CD6752 /* Main.storyboard */,
				27EABA671E59DB3200CD6752 /* Assets.xcassets */,
				27EABA691E59DB3200CD6752 /* LaunchScreen.storyboard */,
				27EABA6C1E59DB3200CD6752 /* Info.plist */,
			);
			path = MircalePill;
			sourceTree = "<group>";
		};
/* End PBXGroup section */

/* Begin PBXNativeTarget section */
		27EABA5C1E59DB3200CD6752 /* MircalePill */ = {
			isa = PBXNativeTarget;
			buildConfigurationList = 27EABA6F1E59DB3200CD6752 /* Build configuration list for PBXNativeTarget "MircalePill" */;
			buildPhases = (
				27EABA591E59DB3200CD6752 /* Sources */,
				27EABA5A1E59DB3200CD6752 /* Frameworks */,
				27EABA5B1E59DB3200CD6752 /* Resources */,
			);
			buildRules = (
			);
			dependencies = (
			);
			name = MircalePill;
			productName = MircalePill;
			productReference = 27EABA5D1E59DB3200CD6752 /* MircalePill.app */;
			productType = "com.apple.product-type.application";
		};
/* End PBXNativeTarget section */

/* Begin PBXProject section */
		27EABA551E59DB3200CD6752 /* Project object */ = {
			isa = PBXProject;
			attributes = {
				LastSwiftUpdateCheck = 0820;
				LastUpgradeCheck = 0820;
				ORGANIZATIONNAME = "Josh Parry";
				TargetAttributes = {
					27EABA5C1E59DB3200CD6752 = {
						CreatedOnToolsVersion = 8.2.1;
						ProvisioningStyle = Automatic;
					};
				};
			};
			buildConfigurationList = 27EABA581E59DB3200CD6752 /* Build configuration list for PBXProject "MircalePill" */;
			compatibilityVersion = "Xcode 3.2";
			developmentRegion = English;
			hasScannedForEncodings = 0;
			knownRegions = (
				en,
				Base,
			);
			mainGroup = 27EABA541E59DB3200CD6752;
			productRefGroup = 27EABA5E1E59DB3200CD6752 /* Products */;
			projectDirPath = "";
			projectRoot = "";
			targets = (
				27EABA5C1E59DB3200CD6752 /* MircalePill */,
			);
		};
/* End PBXProject section */

/* Begin PBXResourcesBuildPhase section */
		27EABA5B1E59DB3200CD6752 /* Resources */ = {
			isa = PBXResourcesBuildPhase;
			buildActionMask = 2147483647;
			files = (
				27EABA6B1E59DB3200CD6752 /* LaunchScreen.storyboard in Resources */,
				27EABA681E59DB3200CD6752 /* Assets.xcassets in Resources */,
				27EABA661E59DB3200CD6752 /* Main.storyboard in Resources */,
			);
			runOnlyForDeploymentPostprocessing = 0;
		};
/* End PBXResourcesBuildPhase section */

/* Begin PBXSourcesBuildPhase section */
		27EABA591E59DB3200CD6752 /* Sources */ = {
			isa = PBXSourcesBuildPhase;
			buildActionMask = 2147483647;
			files = (
				27EABA631E59DB3200CD6752 /* ViewController.swift in Sources */,
				27EABA611E59DB3200CD6752 /* AppDelegate.swift in Sources */,
			);
			runOnlyForDeploymentPostprocessing = 0;
		};
/* End PBXSourcesBuildPhase section */

/* Begin PBXVariantGroup section */
		27EABA641E59DB3200CD6752 /* Main.storyboard */ = {
			isa = PBXVariantGroup;
			children = (
				27EABA651E59DB3200CD6752 /* Base */,
			);
			name = Main.storyboard;
			sourceTree = "<group>";
		};
		27EABA691E59DB3200CD6752 /* LaunchScreen.storyboard */ = {
			isa = PBXVariantGroup;
			children = (
				27EABA6A1E59DB3200CD6752 /* Base */,
			);
			name = LaunchScreen.storyboard;
			sourceTree = "<group>";
		};
/* End PBXVariantGroup section */

/* Begin XCBuildConfiguration section */
		27EABA6D1E59DB3200CD6752 /* Debug */ = {
			isa = XCBuildConfiguration;
			buildSettings = {
				ALWAYS_SEARCH_USER_PATHS = NO;
				CLANG_ANALYZER_NONNULL = YES;
				CLANG_CXX_LANGUAGE_STANDARD = "gnu++0x";
				CLANG_CXX_LIBRARY = "libc++";
				CLANG_ENABLE_MODULES = YES;
				CLANG_ENABLE_OBJC_ARC = YES;
				CLANG_WARN_BOOL_CONVERSION = YES;
				CLANG_WARN_CONSTANT_CONVERSION = YES;
				CLANG_WARN_DIRECT_OBJC_ISA_USAGE = YES_ERROR;
				CLANG_WARN_DOCUMENTATION_COMMENTS = YES;
				CLANG_WARN_EMPTY_BODY = YES;
				CLANG_WARN_ENUM_CONVERSION = YES;
				CLANG_WARN_INFINITE_RECURSION = YES;
				CLANG_WARN_INT_CONVERSION = YES;
				CLANG_WARN_OBJC_ROOT_CLASS = YES_ERROR;
				CLANG_WARN_SUSPICIOUS_MOVE = YES;
				CLANG_WARN_UNREACHABLE_CODE = YES;
				CLANG_WARN__DUPLICATE_METHOD_MATCH = YES;
				"CODE_SIGN_IDENTITY[sdk=iphoneos*]" = "iPhone Developer";
				COPY_PHASE_STRIP = NO;
				DEBUG_INFORMATION_FORMAT = dwarf;
				ENABLE_STRICT_OBJC_MSGSEND = YES;
				ENABLE_TESTABILITY = YES;
				GCC_C_LANGUAGE_STANDARD = gnu99;
				GCC_DYNAMIC_NO_PIC = NO;
				GCC_NO_COMMON_BLOCKS = YES;
				GCC_OPTIMIZATION_LEVEL = 0;
				GCC_PREPROCESSOR_DEFINITIONS = (
					"DEBUG=1",
					"$(inherited)",
				);
				GCC_WARN_64_TO_32_BIT_CONVERSION = YES;
				GCC_WARN_ABOUT_RETURN_TYPE = YES_ERROR;
				GCC_WARN_UNDECLARED_SELECTOR = YES;
				GCC_WARN_UNINITIALIZED_AUTOS = YES_AGGRESSIVE;
				GCC_WARN_UNUSED_FUNCTION = YES;
				GCC_WARN_UNUSED_VARIABLE = YES;
				IPHONEOS_DEPLOYMENT_TARGET = 10.2;
				MTL_ENABLE_DEBUG_INFO = YES;
				ONLY_ACTIVE_ARCH = YES;
				SDKROOT = iphoneos;
				SWIFT_ACTIVE_COMPILATION_CONDITIONS = DEBUG;
				SWIFT_OPTIMIZATION_LEVEL = "-Onone";
				TARGETED_DEVICE_FAMILY = "1,2";
			};
			name = Debug;
		};
		27EABA6E1E59DB3200CD6752 /* Release */ = {
			isa = XCBuildConfiguration;
			buildSettings = {
				ALWAYS_SEARCH_USER_PATHS = NO;
				CLANG_ANALYZER_NONNULL = YES;
				CLANG_CXX_LANGUAGE_STANDARD = "gnu++0x";
				CLANG_CXX_LIBRARY = "libc++";
				CLANG_ENABLE_MODULES = YES;
				CLANG_ENABLE_OBJC_ARC = YES;
				CLANG_WARN_BOOL_CONVERSION = YES;
				CLANG_WARN_CONSTANT_CONVERSION = YES;
				CLANG_WARN_DIRECT_OBJC_ISA_USAGE = YES_ERROR;
				CLANG_WARN_DOCUMENTATION_COMMENTS = YES;
				CLANG_WARN_EMPTY_BODY = YES;
				CLANG_WARN_ENUM_CONVERSION = YES;
				CLANG_WARN_INFINITE_RECURSION = YES;
				CLANG_WARN_INT_CONVERSION = YES;
				CLANG_WARN_OBJC_ROOT_CLASS = YES_ERROR;
				CLANG_WARN_SUSPICIOUS_MOVE = YES;
				CLANG_WARN_UNREACHABLE_CODE = YES;
				CLANG_WARN__DUPLICATE_METHOD_MATCH = YES;
				"CODE_SIGN_IDENTITY[sdk=iphoneos*]" = "iPhone Developer";
				COPY_PHASE_STRIP = NO;
				DEBUG_INFORMATION_FORMAT = "dwarf-with-dsym";
				ENABLE_NS_ASSERTIONS = NO;
				ENABLE_STRICT_OBJC_MSGSEND = YES;
				GCC_C_LANGUAGE_STANDARD = gnu99;
				GCC_NO_COMMON_BLOCKS = YES;
				GCC_WARN_64_TO_32_BIT_CONVERSION = YES;
				GCC_WARN_ABOUT_RETURN_TYPE = YES_ERROR;
				GCC_WARN_UNDECLARED_SELECTOR = YES;
				GCC_WARN_UNINITIALIZED_AUTOS = YES_AGGRESSIVE;
				GCC_WARN_UNUSED_FUNCTION = YES;
				GCC_WARN_UNUSED_VARIABLE = YES;
				IPHONEOS_DEPLOYMENT_TARGET = 10.2;
				MTL_ENABLE_DEBUG_INFO = NO;
				SDKROOT = iphoneos;
				SWIFT_OPTIMIZATION_LEVEL = "-Owholemodule";
				TARGETED_DEVICE_FAMILY = "1,2";
				VALIDATE_PRODUCT = YES;
			};
			name = Release;
		};
		27EABA701E59DB3200CD6752 /* Debug */ = {
			isa = XCBuildConfiguration;
			buildSettings = {
				ASSETCATALOG_COMPILER_APPICON_NAME = AppIcon;
				INFOPLIST_FILE = MircalePill/Info.plist;
				LD_RUNPATH_SEARCH_PATHS = "$(inherited) @executable_path/Frameworks";
				PRODUCT_BUNDLE_IDENTIFIER = com.JoshParry.MircalePill;
				PRODUCT_NAME = "$(TARGET_NAME)";
				SWIFT_VERSION = 3.0;
			};
			name = Debug;
		};
		27EABA711E59DB3200CD6752 /* Release */ = {
			isa = XCBuildConfiguration;
			buildSettings = {
				ASSETCATALOG_COMPILER_APPICON_NAME = AppIcon;
				INFOPLIST_FILE = MircalePill/Info.plist;
				LD_RUNPATH_SEARCH_PATHS = "$(inherited) @executable_path/Frameworks";
				PRODUCT_BUNDLE_IDENTIFIER = com.JoshParry.MircalePill;
				PRODUCT_NAME = "$(TARGET_NAME)";
				SWIFT_VERSION = 3.0;
			};
			name = Release;
		};
/* End XCBuildConfiguration section */

/* Begin XCConfigurationList section */
		27EABA581E59DB3200CD6752 /* Build configuration list for PBXProject "MircalePill" */ = {
			isa = XCConfigurationList;
			buildConfigurations = (
				27EABA6D1E59DB3200CD6752 /* Debug */,
				27EABA6E1E59DB3200CD6752 /* Release */,
			);
			defaultConfigurationIsVisible = 0;
			defaultConfigurationName = Release;
		};
		27EABA6F1E59DB3200CD6752 /* Build configuration list for PBXNativeTarget "MircalePill" */ = {
			isa = XCConfigurationList;
			buildConfigurations = (
				27EABA701E59DB3200CD6752 /* Debug */,
				27EABA711E59DB3200CD6752 /* Release */,
			);
			defaultConfigurationIsVisible = 0;
		};
/* End XCConfigurationList section */
	};
	rootObject = 27EABA551E59DB3200CD6752 /* Project object */;
}
